
Microsoft Visual Studio Solution File, Format Version 12.00
# Visual Studio 14
VisualStudioVersion = 14.0.25123.0
MinimumVisualStudioVersion = 10.0.40219.1
Project("{FAE04EC0-301F-11D3-BF4B-00C04F79EFBC}") = "MessageEncryptionService.Client", "MessageEncryptionService.Client\MessageEncryptionService.Client.csproj", "{EE878A7C-DF55-4E1D-83FC-B73864277C9F}"
EndProject
Project("{FAE04EC0-301F-11D3-BF4B-00C04F79EFBC}") = "MessageEncryptionService.Handlers", "MessageEncryptionService.Handlers\MessageEncryptionService.Handlers.csproj", "{128AE24E-1D4C-489C-8BFD-3810C277AA95}"
EndProject
Project("{FAE04EC0-301F-11D3-BF4B-00C04F79EFBC}") = "MessageEncryptionService.Server", "MessageEncryptionService.Server\MessageEncryptionService.Server.csproj", "{69634C6E-F79C-4803-AE5A-599BCE03E1FE}"
EndProject
Project("{FAE04EC0-301F-11D3-BF4B-00C04F79EFBC}") = "MessageEncryptionService.Model", "MessageEncryptionService.Model\MessageEncryptionService.Model.csproj", "{9F372EC0-8F3A-4130-A326-AC146E380FA7}"
EndProject
Project("{FAE04EC0-301F-11D3-BF4B-00C04F79EFBC}") = "MessageEncryptionService.Server.WinService", "MessageEncryptionService.Server.WinService\MessageEncryptionService.Server.WinService.csproj", "{AE4F0D72-5F69-4B6B-BC1F-AE493081123D}"
EndProject
Global
	GlobalSection(SolutionConfigurationPlatforms) = preSolution
		Debug|Any CPU = Debug|Any CPU
		Release|Any CPU = Release|Any CPU
	EndGlobalSection
	GlobalSection(ProjectConfigurationPlatforms) = postSolution
		{EE878A7C-DF55-4E1D-83FC-B73864277C9F}.Debug|Any CPU.ActiveCfg = Debug|Any CPU
		{EE878A7C-DF55-4E1D-83FC-B73864277C9F}.Debug|Any CPU.Build.0 = Debug|Any CPU
		{EE878A7C-DF55-4E1D-83FC-B73864277C9F}.Release|Any CPU.ActiveCfg = Release|Any CPU
		{EE878A7C-DF55-4E1D-83FC-B73864277C9F}.Release|Any CPU.Build.0 = Release|Any CPU
		{128AE24E-1D4C-489C-8BFD-3810C277AA95}.Debug|Any CPU.ActiveCfg = Debug|Any CPU
		{128AE24E-1D4C-489C-8BFD-3810C277AA95}.Debug|Any CPU.Build.0 = Debug|Any CPU
		{128AE24E-1D4C-489C-8BFD-3810C277AA95}.Release|Any CPU.ActiveCfg = Release|Any CPU
		{128AE24E-1D4C-489C-8BFD-3810C277AA95}.Release|Any CPU.Build.0 = Release|Any CPU
		{69634C6E-F79C-4803-AE5A-599BCE03E1FE}.Debug|Any CPU.ActiveCfg = Debug|Any CPU
		{69634C6E-F79C-4803-AE5A-599BCE03E1FE}.Debug|Any CPU.Build.0 = Debug|Any CPU
		{69634C6E-F79C-4803-AE5A-599BCE03E1FE}.Release|Any CPU.ActiveCfg = Release|Any CPU
		{69634C6E-F79C-4803-AE5A-599BCE03E1FE}.Release|Any CPU.Build.0 = Release|Any CPU
		{9F372EC0-8F3A-4130-A326-AC146E380FA7}.Debug|Any CPU.ActiveCfg = Debug|Any CPU
		{9F372EC0-8F3A-4130-A326-AC146E380FA7}.Debug|Any CPU.Build.0 = Debug|Any CPU
		{9F372EC0-8F3A-4130-A326-AC146E380FA7}.Release|Any CPU.ActiveCfg = Release|Any CPU
		{9F372EC0-8F3A-4130-A326-AC146E380FA7}.Release|Any CPU.Build.0 = Release|Any CPU
		{AE4F0D72-5F69-4B6B-BC1F-AE493081123D}.Debug|Any CPU.ActiveCfg = Debug|Any CPU
		{AE4F0D72-5F69-4B6B-BC1F-AE493081123D}.Debug|Any CPU.Build.0 = Debug|Any CPU
		{AE4F0D72-5F69-4B6B-BC1F-AE493081123D}.Release|Any CPU.ActiveCfg = Release|Any CPU
		{AE4F0D72-5F69-4B6B-BC1F-AE493081123D}.Release|Any CPU.Build.0 = Release|Any CPU
	EndGlobalSection
	GlobalSection(SolutionProperties) = preSolution
		HideSolutionNode = FALSE
	EndGlobalSection
EndGlobal
